<?xml version="1.0" encoding="utf-8"?>
<Project ToolsVersion="4.0" xmlns="http://schemas.microsoft.com/developer/msbuild/2003">
  <ItemGroup>
    <Filter Include="Source Files">
      <UniqueIdentifier>{4FC737F1-C7A5-4376-A066-2A32D752A2FF}</UniqueIdentifier>
      <Extensions>cpp;c;cc;cxx;c++;cppm;ixx;def;odl;idl;hpj;bat;asm;asmx</Extensions>
    </Filter>
    <Filter Include="Header Files">
      <UniqueIdentifier>{93995380-89BD-4b04-88EB-625FBE52EBFB}</UniqueIdentifier>
      <Extensions>h;hh;hpp;hxx;h++;hm;inl;inc;ipp;xsd</Extensions>
    </Filter>
    <Filter Include="Resource Files">
      <UniqueIdentifier>{67DA6AB6-F800-4c08-8B7A-83BB121AAD01}</UniqueIdentifier>
      <Extensions>rc;ico;cur;bmp;dlg;rc2;rct;bin;rgs;gif;jpg;jpeg;jpe;resx;tiff;tif;png;wav;mfcribbon-ms</Extensions>
    </Filter>
  </ItemGroup>
  <ItemGroup>
    <ClInclude Include="framework.h">
      <Filter>Header Files</Filter>
    </ClInclude>
    <ClInclude Include="pch.h">
      <Filter>Header Files</Filter>
    </ClInclude>
    <ClInclude Include="..\libretro-common\include\boolean.h">
      <Filter>Header Files</Filter>
    </ClInclude>
    <ClInclude Include="..\libretro-common\include\compat\apple_compat.h">
      <Filter>Header Files</Filter>
    </ClInclude>
    <ClInclude Include="..\libretro-common\include\compat\fnmatch.h">
      <Filter>Header Files</Filter>
    </ClInclude>
    <ClInclude Include="..\libretro-common\include\compat\getopt.h">
      <Filter>Header Files</Filter>
    </ClInclude>
    <ClInclude Include="..\libretro-common\include\compat\ifaddrs.h">
      <Filter>Header Files</Filter>
    </ClInclude>
    <ClInclude Include="..\libretro-common\include\compat\intrinsics.h">
      <Filter>Header Files</Filter>
    </ClInclude>
    <ClInclude Include="..\libretro-common\include\compat\msvc\stdint.h">
      <Filter>Header Files</Filter>
    </ClInclude>
    <ClInclude Include="..\libretro-common\include\compat\msvc.h">
      <Filter>Header Files</Filter>
    </ClInclude>
    <ClInclude Include="..\libretro-common\include\compat\posix_string.h">
      <Filter>Header Files</Filter>
    </ClInclude>
    <ClInclude Include="..\libretro-common\include\compat\strcasestr.h">
      <Filter>Header Files</Filter>
    </ClInclude>
    <ClInclude Include="..\libretro-common\include\compat\strl.h">
      <Filter>Header Files</Filter>
    </ClInclude>
    <ClInclude Include="..\libretro-common\include\libretro.h">
      <Filter>Header Files</Filter>
    </ClInclude>
    <ClInclude Include="..\libretro-common\include\retro_common.h">
      <Filter>Header Files</Filter>
    </ClInclude>
    <ClInclude Include="..\libretro-common\include\retro_common_api.h">
      <Filter>Header Files</Filter>
    </ClInclude>
    <ClInclude Include="..\libretro-common\include\retro_environment.h">
      <Filter>Header Files</Filter>
    </ClInclude>
    <ClInclude Include="..\libretro-common\include\retro_inline.h">
      <Filter>Header Files</Filter>
    </ClInclude>
    <ClInclude Include="..\libretro-common\include\retro_miscellaneous.h">
      <Filter>Header Files</Filter>
    </ClInclude>
    <ClInclude Include="..\libretro-common\include\retro_stat.h">
      <Filter>Header Files</Filter>
    </ClInclude>
    <ClInclude Include="..\mednafen\git.h">
      <Filter>Header Files</Filter>
    </ClInclude>
    <ClInclude Include="..\mednafen\hw_cpu\v810\fpu-new\mednafen-gcc.h">
      <Filter>Header Files</Filter>
    </ClInclude>
    <ClInclude Include="..\mednafen\hw_cpu\v810\fpu-new\softfloat-macros.h">
      <Filter>Header Files</Filter>
    </ClInclude>
    <ClInclude Include="..\mednafen\hw_cpu\v810\fpu-new\softfloat-specialize.h">
      <Filter>Header Files</Filter>
    </ClInclude>
    <ClInclude Include="..\mednafen\hw_cpu\v810\fpu-new\softfloat.h">
      <Filter>Header Files</Filter>
    </ClInclude>
    <ClInclude Include="..\mednafen\hw_cpu\v810\v810_cpu.h">
      <Filter>Header Files</Filter>
    </ClInclude>
    <ClInclude Include="..\mednafen\hw_cpu\v810\v810_do_am.h">
      <Filter>Header Files</Filter>
    </ClInclude>
    <ClInclude Include="..\mednafen\hw_cpu\v810\v810_opt.h">
      <Filter>Header Files</Filter>
    </ClInclude>
    <ClInclude Include="..\mednafen\include\blip\Blip_Buffer.h">
      <Filter>Header Files</Filter>
    </ClInclude>
    <ClInclude Include="..\mednafen\masmem.h">
      <Filter>Header Files</Filter>
    </ClInclude>
    <ClInclude Include="..\mednafen\math_ops.h">
      <Filter>Header Files</Filter>
    </ClInclude>
    <ClInclude Include="..\mednafen\mednafen-types.h">
      <Filter>Header Files</Filter>
    </ClInclude>
    <ClInclude Include="..\mednafen\mempatcher-driver.h">
      <Filter>Header Files</Filter>
    </ClInclude>
    <ClInclude Include="..\mednafen\mempatcher.h">
      <Filter>Header Files</Filter>
    </ClInclude>
    <ClInclude Include="..\mednafen\msvc_compat.h">
      <Filter>Header Files</Filter>
    </ClInclude>
    <ClInclude Include="..\mednafen\settings.h">
      <Filter>Header Files</Filter>
    </ClInclude>
    <ClInclude Include="..\mednafen\state.h">
      <Filter>Header Files</Filter>
    </ClInclude>
    <ClInclude Include="..\mednafen\state_helpers.h">
      <Filter>Header Files</Filter>
    </ClInclude>
    <ClInclude Include="..\mednafen\vb\input.h">
      <Filter>Header Files</Filter>
    </ClInclude>
    <ClInclude Include="..\mednafen\vb\timer.h">
      <Filter>Header Files</Filter>
    </ClInclude>
    <ClInclude Include="..\mednafen\vb\vb.h">
      <Filter>Header Files</Filter>
    </ClInclude>
    <ClInclude Include="..\mednafen\vb\vip.h">
      <Filter>Header Files</Filter>
    </ClInclude>
    <ClInclude Include="..\mednafen\vb\vsu.h">
      <Filter>Header Files</Filter>
    </ClInclude>
    <ClInclude Include="..\mednafen\video\surface.h">
      <Filter>Header Files</Filter>
    </ClInclude>
    <ClInclude Include="..\libretro_core_options.h">
      <Filter>Header Files</Filter>
    </ClInclude>
    <ClInclude Include="..\libretro_core_options_intl.h">
      <Filter>Header Files</Filter>
    </ClInclude>
    <ClInclude Include="..\mednafen\vb\HoloVB.h">
      <Filter>Source Files</Filter>
    </ClInclude>
    <ClInclude Include="..\mednafen\vb\vip_draw.h">
      <Filter>Header Files</Filter>
    </ClInclude>
  </ItemGroup>
  <ItemGroup>
    <ClCompile Include="dllmain.cpp">
      <Filter>Source Files</Filter>
    </ClCompile>
    <ClCompile Include="pch.cpp">
      <Filter>Source Files</Filter>
    </ClCompile>
    <ClCompile Include="..\libretro-common\compat\compat_snprintf.c">
      <Filter>Source Files</Filter>
    </ClCompile>
    <ClCompile Include="..\libretro-common\compat\compat_strl.c">
      <Filter>Source Files</Filter>
    </ClCompile>
    <ClCompile Include="..\mednafen\hw_cpu\v810\fpu-new\softfloat.c">
      <Filter>Source Files</Filter>
    </ClCompile>
    <ClCompile Include="..\mednafen\hw_cpu\v810\v810_cpu.cpp">
      <Filter>Source Files</Filter>
    </ClCompile>
    <ClCompile Include="..\mednafen\mempatcher.cpp">
      <Filter>Source Files</Filter>
    </ClCompile>
    <ClCompile Include="..\mednafen\settings.c">
      <Filter>Source Files</Filter>
    </ClCompile>
    <ClCompile Include="..\mednafen\sound\Blip_Buffer.c">
      <Filter>Source Files</Filter>
    </ClCompile>
    <ClCompile Include="..\mednafen\state.c">
      <Filter>Source Files</Filter>
    </ClCompile>
    <ClCompile Include="..\mednafen\vb\input.c">
      <Filter>Source Files</Filter>
    </ClCompile>
    <ClCompile Include="..\mednafen\vb\timer.c">
      <Filter>Source Files</Filter>
    </ClCompile>
    <ClCompile Include="..\mednafen\vb\vip.c">
      <Filter>Source Files</Filter>
    </ClCompile>
    <ClCompile Include="..\mednafen\vb\vsu.c">
      <Filter>Source Files</Filter>
    </ClCompile>
    <ClCompile Include="..\libretro.cpp">
      <Filter>Source Files</Filter>
    </ClCompile>
  </ItemGroup>
  <ItemGroup>
    <None Include="..\mednafen\hw_cpu\v810\v810_oploop.inc">
      <Filter>Header Files</Filter>
    </None>
    <None Include="..\mednafen\hw_cpu\v810\v810_op_table.inc">
      <Filter>Header Files</Filter>
    </None>
    <None Include="..\mednafen\hw_cpu\v810\v810_op_table_msvc.inc">
      <Filter>Header Files</Filter>
    </None>
    <None Include="..\mednafen\vb\vip_draw.inc">
      <Filter>Header Files</Filter>
    </None>
  </ItemGroup>
</Project>